{
  "requires": true,
  "lockfileVersion": 1,
  "dependencies": {
    "react-observer-api": {
      "version": "1.0.12",
      "resolved": "https://registry.npmjs.org/react-observer-api/-/react-observer-api-1.0.12.tgz",
      "integrity": "sha512-HxAu2t70xXN44FJbXjFAnv4S/uNIIrm0NZEAnu+fbmWcnFtRcdgPhM6Kh26pnzdzWuCT0G5gDkhO5hSF13IJGQ=="
    }
  }
}
